
Microsoft Visual Studio Solution File, Format Version 12.00
# Visual Studio Version 17
VisualStudioVersion = 17.4.33205.214
MinimumVisualStudioVersion = 10.0.40219.1
Project("{FAE04EC0-301F-11D3-BF4B-00C04F79EFBC}") = "ET3A.Android", "ET3A.Android\ET3A.Android.csproj", "{5297A309-DCE1-45F2-8455-D53782FABA9E}"
EndProject
Project("{FAE04EC0-301F-11D3-BF4B-00C04F79EFBC}") = "ET3A.iOS", "ET3A.iOS\ET3A.iOS.csproj", "{5239825B-1162-4C90-83DC-5B113000B3B9}"
EndProject
Project("{FAE04EC0-301F-11D3-BF4B-00C04F79EFBC}") = "ET3A", "ET3A\ET3A.csproj", "{91CE0C9C-ABED-433C-BCED-2FC8EE8009EB}"
EndProject
Global
	GlobalSection(SolutionConfigurationPlatforms) = preSolution
		Debug|Any CPU = Debug|Any CPU
		Debug|iPhone = Debug|iPhone
		Debug|iPhoneSimulator = Debug|iPhoneSimulator
		Release|Any CPU = Release|Any CPU
		Release|iPhone = Release|iPhone
		Release|iPhoneSimulator = Release|iPhoneSimulator
	EndGlobalSection
	GlobalSection(ProjectConfigurationPlatforms) = postSolution
		{5297A309-DCE1-45F2-8455-D53782FABA9E}.Debug|Any CPU.ActiveCfg = Debug|Any CPU
		{5297A309-DCE1-45F2-8455-D53782FABA9E}.Debug|Any CPU.Build.0 = Debug|Any CPU
		{5297A309-DCE1-45F2-8455-D53782FABA9E}.Debug|Any CPU.Deploy.0 = Debug|Any CPU
		{5297A309-DCE1-45F2-8455-D53782FABA9E}.Debug|iPhone.ActiveCfg = Debug|Any CPU
		{5297A309-DCE1-45F2-8455-D53782FABA9E}.Debug|iPhone.Build.0 = Debug|Any CPU
		{5297A309-DCE1-45F2-8455-D53782FABA9E}.Debug|iPhone.Deploy.0 = Debug|Any CPU
		{5297A309-DCE1-45F2-8455-D53782FABA9E}.Debug|iPhoneSimulator.ActiveCfg = Debug|Any CPU
		{5297A309-DCE1-45F2-8455-D53782FABA9E}.Debug|iPhoneSimulator.Build.0 = Debug|Any CPU
		{5297A309-DCE1-45F2-8455-D53782FABA9E}.Debug|iPhoneSimulator.Deploy.0 = Debug|Any CPU
		{5297A309-DCE1-45F2-8455-D53782FABA9E}.Release|Any CPU.ActiveCfg = Release|Any CPU
		{5297A309-DCE1-45F2-8455-D53782FABA9E}.Release|Any CPU.Build.0 = Release|Any CPU
		{5297A309-DCE1-45F2-8455-D53782FABA9E}.Release|Any CPU.Deploy.0 = Release|Any CPU
		{5297A309-DCE1-45F2-8455-D53782FABA9E}.Release|iPhone.ActiveCfg = Release|Any CPU
		{5297A309-DCE1-45F2-8455-D53782FABA9E}.Release|iPhone.Build.0 = Release|Any CPU
		{5297A309-DCE1-45F2-8455-D53782FABA9E}.Release|iPhone.Deploy.0 = Release|Any CPU
		{5297A309-DCE1-45F2-8455-D53782FABA9E}.Release|iPhoneSimulator.ActiveCfg = Release|Any CPU
		{5297A309-DCE1-45F2-8455-D53782FABA9E}.Release|iPhoneSimulator.Build.0 = Release|Any CPU
		{5297A309-DCE1-45F2-8455-D53782FABA9E}.Release|iPhoneSimulator.Deploy.0 = Release|Any CPU
		{5239825B-1162-4C90-83DC-5B113000B3B9}.Debug|Any CPU.ActiveCfg = Debug|iPhone
		{5239825B-1162-4C90-83DC-5B113000B3B9}.Debug|Any CPU.Build.0 = Debug|iPhone
		{5239825B-1162-4C90-83DC-5B113000B3B9}.Debug|Any CPU.Deploy.0 = Debug|iPhone
		{5239825B-1162-4C90-83DC-5B113000B3B9}.Debug|iPhone.ActiveCfg = Debug|iPhone
		{5239825B-1162-4C90-83DC-5B113000B3B9}.Debug|iPhone.Build.0 = Debug|iPhone
		{5239825B-1162-4C90-83DC-5B113000B3B9}.Debug|iPhone.Deploy.0 = Debug|iPhone
		{5239825B-1162-4C90-83DC-5B113000B3B9}.Debug|iPhoneSimulator.ActiveCfg = Debug|iPhoneSimulator
		{5239825B-1162-4C90-83DC-5B113000B3B9}.Debug|iPhoneSimulator.Build.0 = Debug|iPhoneSimulator
		{5239825B-1162-4C90-83DC-5B113000B3B9}.Debug|iPhoneSimulator.Deploy.0 = Debug|iPhoneSimulator
		{5239825B-1162-4C90-83DC-5B113000B3B9}.Release|Any CPU.ActiveCfg = Release|iPhoneSimulator
		{5239825B-1162-4C90-83DC-5B113000B3B9}.Release|Any CPU.Build.0 = Release|iPhoneSimulator
		{5239825B-1162-4C90-83DC-5B113000B3B9}.Release|Any CPU.Deploy.0 = Release|iPhoneSimulator
		{5239825B-1162-4C90-83DC-5B113000B3B9}.Release|iPhone.ActiveCfg = Release|iPhone
		{5239825B-1162-4C90-83DC-5B113000B3B9}.Release|iPhone.Build.0 = Release|iPhone
		{5239825B-1162-4C90-83DC-5B113000B3B9}.Release|iPhone.Deploy.0 = Release|iPhone
		{5239825B-1162-4C90-83DC-5B113000B3B9}.Release|iPhoneSimulator.ActiveCfg = Release|iPhoneSimulator
		{5239825B-1162-4C90-83DC-5B113000B3B9}.Release|iPhoneSimulator.Build.0 = Release|iPhoneSimulator
		{5239825B-1162-4C90-83DC-5B113000B3B9}.Release|iPhoneSimulator.Deploy.0 = Release|iPhoneSimulator
		{91CE0C9C-ABED-433C-BCED-2FC8EE8009EB}.Debug|Any CPU.ActiveCfg = Debug|Any CPU
		{91CE0C9C-ABED-433C-BCED-2FC8EE8009EB}.Debug|Any CPU.Build.0 = Debug|Any CPU
		{91CE0C9C-ABED-433C-BCED-2FC8EE8009EB}.Debug|Any CPU.Deploy.0 = Debug|Any CPU
		{91CE0C9C-ABED-433C-BCED-2FC8EE8009EB}.Debug|iPhone.ActiveCfg = Debug|Any CPU
		{91CE0C9C-ABED-433C-BCED-2FC8EE8009EB}.Debug|iPhone.Build.0 = Debug|Any CPU
		{91CE0C9C-ABED-433C-BCED-2FC8EE8009EB}.Debug|iPhone.Deploy.0 = Debug|Any CPU
		{91CE0C9C-ABED-433C-BCED-2FC8EE8009EB}.Debug|iPhoneSimulator.ActiveCfg = Debug|Any CPU
		{91CE0C9C-ABED-433C-BCED-2FC8EE8009EB}.Debug|iPhoneSimulator.Build.0 = Debug|Any CPU
		{91CE0C9C-ABED-433C-BCED-2FC8EE8009EB}.Debug|iPhoneSimulator.Deploy.0 = Debug|Any CPU
		{91CE0C9C-ABED-433C-BCED-2FC8EE8009EB}.Release|Any CPU.ActiveCfg = Release|Any CPU
		{91CE0C9C-ABED-433C-BCED-2FC8EE8009EB}.Release|Any CPU.Build.0 = Release|Any CPU
		{91CE0C9C-ABED-433C-BCED-2FC8EE8009EB}.Release|Any CPU.Deploy.0 = Release|Any CPU
		{91CE0C9C-ABED-433C-BCED-2FC8EE8009EB}.Release|iPhone.ActiveCfg = Release|Any CPU
		{91CE0C9C-ABED-433C-BCED-2FC8EE8009EB}.Release|iPhone.Build.0 = Release|Any CPU
		{91CE0C9C-ABED-433C-BCED-2FC8EE8009EB}.Release|iPhone.Deploy.0 = Release|Any CPU
		{91CE0C9C-ABED-433C-BCED-2FC8EE8009EB}.Release|iPhoneSimulator.ActiveCfg = Release|Any CPU
		{91CE0C9C-ABED-433C-BCED-2FC8EE8009EB}.Release|iPhoneSimulator.Build.0 = Release|Any CPU
		{91CE0C9C-ABED-433C-BCED-2FC8EE8009EB}.Release|iPhoneSimulator.Deploy.0 = Release|Any CPU
	EndGlobalSection
	GlobalSection(SolutionProperties) = preSolution
		HideSolutionNode = FALSE
	EndGlobalSection
	GlobalSection(ExtensibilityGlobals) = postSolution
		SolutionGuid = {AEE32F8F-A096-4E45-9859-F02527EE93D1}
	EndGlobalSection
EndGlobal
